// !$*UTF8*$!
{
	archiveVersion = 1;
	classes = {
	};
	objectVersion = 46;
	objects = {

/* Begin PBXBuildFile section */
		432AA0B819FA0D2D004813D5 /* LoginWindowController.m in Sources */ = {isa = PBXBuildFile; fileRef = 432AA0B719FA0D2D004813D5 /* LoginWindowController.m */; };
		432AA0BA19FA0D48004813D5 /* LoginWindow.xib in Resources */ = {isa = PBXBuildFile; fileRef = 432AA0B919FA0D48004813D5 /* LoginWindow.xib */; };
		432AE39219F5F82000F2EB36 /* Resource.m in Sources */ = {isa = PBXBuildFile; fileRef = 432AE39119F5F82000F2EB36 /* Resource.m */; };
		432AE39919F5FC8A00F2EB36 /* ActiveSupportInflector.m in Sources */ = {isa = PBXBuildFile; fileRef = 432AE39619F5FC8A00F2EB36 /* ActiveSupportInflector.m */; };
		432AE39A19F5FC8A00F2EB36 /* NSString+ActiveSupportInflector.m in Sources */ = {isa = PBXBuildFile; fileRef = 432AE39819F5FC8A00F2EB36 /* NSString+ActiveSupportInflector.m */; };
		432AE39D19F6070100F2EB36 /* MinuteDockCredentialStorage.m in Sources */ = {isa = PBXBuildFile; fileRef = 432AE39C19F6070100F2EB36 /* MinuteDockCredentialStorage.m */; };
		432AE3A119F624D500F2EB36 /* ActiveSupportInflector.plist in Resources */ = {isa = PBXBuildFile; fileRef = 432AE3A019F624D500F2EB36 /* ActiveSupportInflector.plist */; };
		432AE3A419F637B700F2EB36 /* NSNull+Resource.m in Sources */ = {isa = PBXBuildFile; fileRef = 432AE3A319F637B700F2EB36 /* NSNull+Resource.m */; };
		432AE3AE19F7594000F2EB36 /* StatusItemManager.m in Sources */ = {isa = PBXBuildFile; fileRef = 432AE3AD19F7594000F2EB36 /* StatusItemManager.m */; };
		432AE3B119F778EA00F2EB36 /* CurrentEntry.m in Sources */ = {isa = PBXBuildFile; fileRef = 432AE3B019F778EA00F2EB36 /* CurrentEntry.m */; };
		432AE3B719F83DDB00F2EB36 /* MDContact.m in Sources */ = {isa = PBXBuildFile; fileRef = 432AE3B619F83DDB00F2EB36 /* MDContact.m */; };
		432AE3BD19F84F6400F2EB36 /* MDProject.m in Sources */ = {isa = PBXBuildFile; fileRef = 432AE3BC19F84F6400F2EB36 /* MDProject.m */; };
		432AE3C019F8B38C00F2EB36 /* NSPopUpButton+Resource.m in Sources */ = {isa = PBXBuildFile; fileRef = 432AE3BF19F8B38C00F2EB36 /* NSPopUpButton+Resource.m */; };
		43A8A0C319EE0EEF0068CCDB /* PopoverManager.m in Sources */ = {isa = PBXBuildFile; fileRef = 43A8A0C219EE0EEF0068CCDB /* PopoverManager.m */; };
		43A8A0CD19EE2F270068CCDB /* MDEntry.m in Sources */ = {isa = PBXBuildFile; fileRef = 43A8A0CC19EE2F270068CCDB /* MDEntry.m */; };
		43D8155319ECEE2F00612786 /* PopoverView.xib in Resources */ = {isa = PBXBuildFile; fileRef = 43D8155219ECEE2F00612786 /* PopoverView.xib */; };
		43D8155619ECF69D00612786 /* PopoverViewController.m in Sources */ = {isa = PBXBuildFile; fileRef = 43D8155519ECF69D00612786 /* PopoverViewController.m */; };
		43FF92E819EA18F200435D05 /* AppDelegate.m in Sources */ = {isa = PBXBuildFile; fileRef = 43FF92E719EA18F200435D05 /* AppDelegate.m */; };
		43FF92EA19EA18F200435D05 /* main.m in Sources */ = {isa = PBXBuildFile; fileRef = 43FF92E919EA18F200435D05 /* main.m */; };
		43FF92EC19EA18F200435D05 /* Images.xcassets in Resources */ = {isa = PBXBuildFile; fileRef = 43FF92EB19EA18F200435D05 /* Images.xcassets */; };
		43FF92EF19EA18F200435D05 /* MainMenu.xib in Resources */ = {isa = PBXBuildFile; fileRef = 43FF92ED19EA18F200435D05 /* MainMenu.xib */; };
		43FF92FB19EA18F200435D05 /* MinuteDockrMacTests.m in Sources */ = {isa = PBXBuildFile; fileRef = 43FF92FA19EA18F200435D05 /* MinuteDockrMacTests.m */; };
/* End PBXBuildFile section */

/* Begin PBXContainerItemProxy section */
		43FF92F519EA18F200435D05 /* PBXContainerItemProxy */ = {
			isa = PBXContainerItemProxy;
			containerPortal = 43FF92D919EA18F200435D05 /* Project object */;
			proxyType = 1;
			remoteGlobalIDString = 43FF92E019EA18F200435D05;
			remoteInfo = MinuteDockrMac;
		};
/* End PBXContainerItemProxy section */

/* Begin PBXFileReference section */
		432AA0B619FA0D2D004813D5 /* LoginWindowController.h */ = {isa = PBXFileReference; fileEncoding = 4; lastKnownFileType = sourcecode.c.h; path = LoginWindowController.h; sourceTree = "<group>"; };
		432AA0B719FA0D2D004813D5 /* LoginWindowController.m */ = {isa = PBXFileReference; fileEncoding = 4; lastKnownFileType = sourcecode.c.objc; path = LoginWindowController.m; sourceTree = "<group>"; };
		432AA0B919FA0D48004813D5 /* LoginWindow.xib */ = {isa = PBXFileReference; fileEncoding = 4; lastKnownFileType = file.xib; path = LoginWindow.xib; sourceTree = "<group>"; };
		432AE39019F5F82000F2EB36 /* Resource.h */ = {isa = PBXFileReference; fileEncoding = 4; lastKnownFileType = sourcecode.c.h; path = Resource.h; sourceTree = "<group>"; };
		432AE39119F5F82000F2EB36 /* Resource.m */ = {isa = PBXFileReference; fileEncoding = 4; lastKnownFileType = sourcecode.c.objc; path = Resource.m; sourceTree = "<group>"; };
		432AE39519F5FC8A00F2EB36 /* ActiveSupportInflector.h */ = {isa = PBXFileReference; fileEncoding = 4; lastKnownFileType = sourcecode.c.h; path = ActiveSupportInflector.h; sourceTree = "<group>"; };
		432AE39619F5FC8A00F2EB36 /* ActiveSupportInflector.m */ = {isa = PBXFileReference; fileEncoding = 4; lastKnownFileType = sourcecode.c.objc; path = ActiveSupportInflector.m; sourceTree = "<group>"; };
		432AE39719F5FC8A00F2EB36 /* NSString+ActiveSupportInflector.h */ = {isa = PBXFileReference; fileEncoding = 4; lastKnownFileType = sourcecode.c.h; path = "NSString+ActiveSupportInflector.h"; sourceTree = "<group>"; };
		432AE39819F5FC8A00F2EB36 /* NSString+ActiveSupportInflector.m */ = {isa = PBXFileReference; fileEncoding = 4; lastKnownFileType = sourcecode.c.objc; path = "NSString+ActiveSupportInflector.m"; sourceTree = "<group>"; };
		432AE39B19F6070100F2EB36 /* MinuteDockCredentialStorage.h */ = {isa = PBXFileReference; fileEncoding = 4; lastKnownFileType = sourcecode.c.h; path = MinuteDockCredentialStorage.h; sourceTree = "<group>"; };
		432AE39C19F6070100F2EB36 /* MinuteDockCredentialStorage.m */ = {isa = PBXFileReference; fileEncoding = 4; lastKnownFileType = sourcecode.c.objc; path = MinuteDockCredentialStorage.m; sourceTree = "<group>"; };
		432AE3A019F624D500F2EB36 /* ActiveSupportInflector.plist */ = {isa = PBXFileReference; lastKnownFileType = text.plist; path = ActiveSupportInflector.plist; sourceTree = "<group>"; };
		432AE3A219F637B700F2EB36 /* NSNull+Resource.h */ = {isa = PBXFileReference; fileEncoding = 4; lastKnownFileType = sourcecode.c.h; path = "NSNull+Resource.h"; sourceTree = "<group>"; };
		432AE3A319F637B700F2EB36 /* NSNull+Resource.m */ = {isa = PBXFileReference; fileEncoding = 4; lastKnownFileType = sourcecode.c.objc; path = "NSNull+Resource.m"; sourceTree = "<group>"; };
		432AE3AC19F7594000F2EB36 /* StatusItemManager.h */ = {isa = PBXFileReference; fileEncoding = 4; lastKnownFileType = sourcecode.c.h; path = StatusItemManager.h; sourceTree = "<group>"; };
		432AE3AD19F7594000F2EB36 /* StatusItemManager.m */ = {isa = PBXFileReference; fileEncoding = 4; lastKnownFileType = sourcecode.c.objc; path = StatusItemManager.m; sourceTree = "<group>"; };
		432AE3AF19F778EA00F2EB36 /* CurrentEntry.h */ = {isa = PBXFileReference; fileEncoding = 4; lastKnownFileType = sourcecode.c.h; path = CurrentEntry.h; sourceTree = "<group>"; };
		432AE3B019F778EA00F2EB36 /* CurrentEntry.m */ = {isa = PBXFileReference; fileEncoding = 4; lastKnownFileType = sourcecode.c.objc; path = CurrentEntry.m; sourceTree = "<group>"; };
		432AE3B519F83DDB00F2EB36 /* MDContact.h */ = {isa = PBXFileReference; fileEncoding = 4; lastKnownFileType = sourcecode.c.h; path = MDContact.h; sourceTree = "<group>"; };
		432AE3B619F83DDB00F2EB36 /* MDContact.m */ = {isa = PBXFileReference; fileEncoding = 4; lastKnownFileType = sourcecode.c.objc; path = MDContact.m; sourceTree = "<group>"; };
		432AE3BB19F84F6400F2EB36 /* MDProject.h */ = {isa = PBXFileReference; fileEncoding = 4; lastKnownFileType = sourcecode.c.h; path = MDProject.h; sourceTree = "<group>"; };
		432AE3BC19F84F6400F2EB36 /* MDProject.m */ = {isa = PBXFileReference; fileEncoding = 4; lastKnownFileType = sourcecode.c.objc; path = MDProject.m; sourceTree = "<group>"; };
		432AE3BE19F8B38C00F2EB36 /* NSPopUpButton+Resource.h */ = {isa = PBXFileReference; fileEncoding = 4; lastKnownFileType = sourcecode.c.h; path = "NSPopUpButton+Resource.h"; sourceTree = "<group>"; };
		432AE3BF19F8B38C00F2EB36 /* NSPopUpButton+Resource.m */ = {isa = PBXFileReference; fileEncoding = 4; lastKnownFileType = sourcecode.c.objc; path = "NSPopUpButton+Resource.m"; sourceTree = "<group>"; };
		432AE3C119F8B51100F2EB36 /* NSMenuItemResourceProtocol.h */ = {isa = PBXFileReference; lastKnownFileType = sourcecode.c.h; path = NSMenuItemResourceProtocol.h; sourceTree = "<group>"; };
		43A8A0C119EE0EEF0068CCDB /* PopoverManager.h */ = {isa = PBXFileReference; fileEncoding = 4; lastKnownFileType = sourcecode.c.h; path = PopoverManager.h; sourceTree = "<group>"; };
		43A8A0C219EE0EEF0068CCDB /* PopoverManager.m */ = {isa = PBXFileReference; fileEncoding = 4; lastKnownFileType = sourcecode.c.objc; path = PopoverManager.m; sourceTree = "<group>"; };
		43A8A0CB19EE2F270068CCDB /* MDEntry.h */ = {isa = PBXFileReference; fileEncoding = 4; lastKnownFileType = sourcecode.c.h; path = MDEntry.h; sourceTree = "<group>"; };
		43A8A0CC19EE2F270068CCDB /* MDEntry.m */ = {isa = PBXFileReference; fileEncoding = 4; lastKnownFileType = sourcecode.c.objc; path = MDEntry.m; sourceTree = "<group>"; };
		43D8155219ECEE2F00612786 /* PopoverView.xib */ = {isa = PBXFileReference; fileEncoding = 4; lastKnownFileType = file.xib; path = PopoverView.xib; sourceTree = "<group>"; };
		43D8155419ECF69D00612786 /* PopoverViewController.h */ = {isa = PBXFileReference; fileEncoding = 4; lastKnownFileType = sourcecode.c.h; path = PopoverViewController.h; sourceTree = "<group>"; };
		43D8155519ECF69D00612786 /* PopoverViewController.m */ = {isa = PBXFileReference; fileEncoding = 4; lastKnownFileType = sourcecode.c.objc; path = PopoverViewController.m; sourceTree = "<group>"; };
		43FF92E119EA18F200435D05 /* MinuteDockrMac.app */ = {isa = PBXFileReference; explicitFileType = wrapper.application; includeInIndex = 0; path = MinuteDockrMac.app; sourceTree = BUILT_PRODUCTS_DIR; };
		43FF92E519EA18F200435D05 /* Info.plist */ = {isa = PBXFileReference; lastKnownFileType = text.plist.xml; path = Info.plist; sourceTree = "<group>"; };
		43FF92E619EA18F200435D05 /* AppDelegate.h */ = {isa = PBXFileReference; lastKnownFileType = sourcecode.c.h; path = AppDelegate.h; sourceTree = "<group>"; };
		43FF92E719EA18F200435D05 /* AppDelegate.m */ = {isa = PBXFileReference; lastKnownFileType = sourcecode.c.objc; path = AppDelegate.m; sourceTree = "<group>"; };
		43FF92E919EA18F200435D05 /* main.m */ = {isa = PBXFileReference; lastKnownFileType = sourcecode.c.objc; path = main.m; sourceTree = "<group>"; };
		43FF92EB19EA18F200435D05 /* Images.xcassets */ = {isa = PBXFileReference; lastKnownFileType = folder.assetcatalog; path = Images.xcassets; sourceTree = "<group>"; };
		43FF92EE19EA18F200435D05 /* Base */ = {isa = PBXFileReference; lastKnownFileType = file.xib; name = Base; path = Base.lproj/MainMenu.xib; sourceTree = "<group>"; };
		43FF92F419EA18F200435D05 /* MinuteDockrMacTests.xctest */ = {isa = PBXFileReference; explicitFileType = wrapper.cfbundle; includeInIndex = 0; path = MinuteDockrMacTests.xctest; sourceTree = BUILT_PRODUCTS_DIR; };
		43FF92F919EA18F200435D05 /* Info.plist */ = {isa = PBXFileReference; lastKnownFileType = text.plist.xml; path = Info.plist; sourceTree = "<group>"; };
		43FF92FA19EA18F200435D05 /* MinuteDockrMacTests.m */ = {isa = PBXFileReference; lastKnownFileType = sourcecode.c.objc; path = MinuteDockrMacTests.m; sourceTree = "<group>"; };
/* End PBXFileReference section */

/* Begin PBXFrameworksBuildPhase section */
		43FF92DE19EA18F200435D05 /* Frameworks */ = {
			isa = PBXFrameworksBuildPhase;
			buildActionMask = 2147483647;
			files = (
			);
			runOnlyForDeploymentPostprocessing = 0;
		};
		43FF92F119EA18F200435D05 /* Frameworks */ = {
			isa = PBXFrameworksBuildPhase;
			buildActionMask = 2147483647;
			files = (
			);
			runOnlyForDeploymentPostprocessing = 0;
		};
/* End PBXFrameworksBuildPhase section */

/* Begin PBXGroup section */
		432AA0B319FA0CAB004813D5 /* Login */ = {
			isa = PBXGroup;
			children = (
				432AA0B619FA0D2D004813D5 /* LoginWindowController.h */,
				432AA0B719FA0D2D004813D5 /* LoginWindowController.m */,
				432AA0B919FA0D48004813D5 /* LoginWindow.xib */,
			);
			name = Login;
			sourceTree = "<group>";
		};
		432AE39419F5FC7700F2EB36 /* Helpers */ = {
			isa = PBXGroup;
			children = (
				432AE3A619F7400500F2EB36 /* ActiveSupportInflector */,
				432AE3A219F637B700F2EB36 /* NSNull+Resource.h */,
				432AE3A319F637B700F2EB36 /* NSNull+Resource.m */,
			);
			name = Helpers;
			sourceTree = "<group>";
		};
		432AE3A619F7400500F2EB36 /* ActiveSupportInflector */ = {
			isa = PBXGroup;
			children = (
				432AE39519F5FC8A00F2EB36 /* ActiveSupportInflector.h */,
				432AE39619F5FC8A00F2EB36 /* ActiveSupportInflector.m */,
				432AE39719F5FC8A00F2EB36 /* NSString+ActiveSupportInflector.h */,
				432AE39819F5FC8A00F2EB36 /* NSString+ActiveSupportInflector.m */,
			);
			name = ActiveSupportInflector;
			sourceTree = "<group>";
		};
		432AE3C219F8B60900F2EB36 /* Services */ = {
			isa = PBXGroup;
			children = (
				432AE39B19F6070100F2EB36 /* MinuteDockCredentialStorage.h */,
				432AE39C19F6070100F2EB36 /* MinuteDockCredentialStorage.m */,
				432AE3AF19F778EA00F2EB36 /* CurrentEntry.h */,
				432AE3B019F778EA00F2EB36 /* CurrentEntry.m */,
			);
			name = Services;
			sourceTree = "<group>";
		};
		432AE3C319F8B61B00F2EB36 /* Views */ = {
			isa = PBXGroup;
			children = (
				432AA0B319FA0CAB004813D5 /* Login */,
				432AE3C519F8B67E00F2EB36 /* StatusItem */,
				432AE3C419F8B62600F2EB36 /* Popover */,
				43FF92ED19EA18F200435D05 /* MainMenu.xib */,
			);
			name = Views;
			sourceTree = "<group>";
		};
		432AE3C419F8B62600F2EB36 /* Popover */ = {
			isa = PBXGroup;
			children = (
				43D8155219ECEE2F00612786 /* PopoverView.xib */,
				43D8155419ECF69D00612786 /* PopoverViewController.h */,
				43D8155519ECF69D00612786 /* PopoverViewController.m */,
				43A8A0C119EE0EEF0068CCDB /* PopoverManager.h */,
				43A8A0C219EE0EEF0068CCDB /* PopoverManager.m */,
				432AE3BE19F8B38C00F2EB36 /* NSPopUpButton+Resource.h */,
				432AE3BF19F8B38C00F2EB36 /* NSPopUpButton+Resource.m */,
				432AE3C119F8B51100F2EB36 /* NSMenuItemResourceProtocol.h */,
			);
			name = Popover;
			sourceTree = "<group>";
		};
		432AE3C519F8B67E00F2EB36 /* StatusItem */ = {
			isa = PBXGroup;
			children = (
				432AE3AC19F7594000F2EB36 /* StatusItemManager.h */,
				432AE3AD19F7594000F2EB36 /* StatusItemManager.m */,
			);
			name = StatusItem;
			sourceTree = "<group>";
		};
		432AE3C619F8B6EC00F2EB36 /* Models */ = {
			isa = PBXGroup;
			children = (
				432AE39019F5F82000F2EB36 /* Resource.h */,
				432AE39119F5F82000F2EB36 /* Resource.m */,
				432AE3B519F83DDB00F2EB36 /* MDContact.h */,
				432AE3B619F83DDB00F2EB36 /* MDContact.m */,
				43A8A0CB19EE2F270068CCDB /* MDEntry.h */,
				43A8A0CC19EE2F270068CCDB /* MDEntry.m */,
				432AE3BB19F84F6400F2EB36 /* MDProject.h */,
				432AE3BC19F84F6400F2EB36 /* MDProject.m */,
			);
			name = Models;
			sourceTree = "<group>";
		};
		43FF92D819EA18F200435D05 = {
			isa = PBXGroup;
			children = (
				43FF92E319EA18F200435D05 /* MinuteDockrMac */,
				43FF92F719EA18F200435D05 /* MinuteDockrMacTests */,
				43FF92E219EA18F200435D05 /* Products */,
			);
			sourceTree = "<group>";
		};
		43FF92E219EA18F200435D05 /* Products */ = {
			isa = PBXGroup;
			children = (
				43FF92E119EA18F200435D05 /* MinuteDockrMac.app */,
				43FF92F419EA18F200435D05 /* MinuteDockrMacTests.xctest */,
			);
			name = Products;
			sourceTree = "<group>";
		};
		43FF92E319EA18F200435D05 /* MinuteDockrMac */ = {
			isa = PBXGroup;
			children = (
				432AE3C319F8B61B00F2EB36 /* Views */,
				432AE3C219F8B60900F2EB36 /* Services */,
				432AE39419F5FC7700F2EB36 /* Helpers */,
				432AE3C619F8B6EC00F2EB36 /* Models */,
				43FF92E619EA18F200435D05 /* AppDelegate.h */,
				43FF92E719EA18F200435D05 /* AppDelegate.m */,
				43FF92EB19EA18F200435D05 /* Images.xcassets */,
				43FF92E419EA18F200435D05 /* Supporting Files */,
			);
			path = MinuteDockrMac;
			sourceTree = "<group>";
		};
		43FF92E419EA18F200435D05 /* Supporting Files */ = {
			isa = PBXGroup;
			children = (
				432AE3A019F624D500F2EB36 /* ActiveSupportInflector.plist */,
				43FF92E519EA18F200435D05 /* Info.plist */,
				43FF92E919EA18F200435D05 /* main.m */,
			);
			name = "Supporting Files";
			sourceTree = "<group>";
		};
		43FF92F719EA18F200435D05 /* MinuteDockrMacTests */ = {
			isa = PBXGroup;
			children = (
				43FF92FA19EA18F200435D05 /* MinuteDockrMacTests.m */,
				43FF92F819EA18F200435D05 /* Supporting Files */,
			);
			path = MinuteDockrMacTests;
			sourceTree = "<group>";
		};
		43FF92F819EA18F200435D05 /* Supporting Files */ = {
			isa = PBXGroup;
			children = (
				43FF92F919EA18F200435D05 /* Info.plist */,
			);
			name = "Supporting Files";
			sourceTree = "<group>";
		};
/* End PBXGroup section */

/* Begin PBXNativeTarget section */
		43FF92E019EA18F200435D05 /* MinuteDockrMac */ = {
			isa = PBXNativeTarget;
			buildConfigurationList = 43FF92FE19EA18F200435D05 /* Build configuration list for PBXNativeTarget "MinuteDockrMac" */;
			buildPhases = (
				43FF92DD19EA18F200435D05 /* Sources */,
				43FF92DE19EA18F200435D05 /* Frameworks */,
				43FF92DF19EA18F200435D05 /* Resources */,
			);
			buildRules = (
			);
			dependencies = (
			);
			name = MinuteDockrMac;
			productName = MinuteDockrMac;
			productReference = 43FF92E119EA18F200435D05 /* MinuteDockrMac.app */;
			productType = "com.apple.product-type.application";
		};
		43FF92F319EA18F200435D05 /* MinuteDockrMacTests */ = {
			isa = PBXNativeTarget;
			buildConfigurationList = 43FF930119EA18F200435D05 /* Build configuration list for PBXNativeTarget "MinuteDockrMacTests" */;
			buildPhases = (
				43FF92F019EA18F200435D05 /* Sources */,
				43FF92F119EA18F200435D05 /* Frameworks */,
				43FF92F219EA18F200435D05 /* Resources */,
			);
			buildRules = (
			);
			dependencies = (
				43FF92F619EA18F200435D05 /* PBXTargetDependency */,
			);
			name = MinuteDockrMacTests;
			productName = MinuteDockrMacTests;
			productReference = 43FF92F419EA18F200435D05 /* MinuteDockrMacTests.xctest */;
			productType = "com.apple.product-type.bundle.unit-test";
		};
/* End PBXNativeTarget section */

/* Begin PBXProject section */
		43FF92D919EA18F200435D05 /* Project object */ = {
			isa = PBXProject;
			attributes = {
				LastUpgradeCheck = 0610;
				ORGANIZATIONNAME = "Nate Armstrong";
				TargetAttributes = {
					43FF92E019EA18F200435D05 = {
						CreatedOnToolsVersion = 6.1;
					};
					43FF92F319EA18F200435D05 = {
						CreatedOnToolsVersion = 6.1;
						TestTargetID = 43FF92E019EA18F200435D05;
					};
				};
			};
			buildConfigurationList = 43FF92DC19EA18F200435D05 /* Build configuration list for PBXProject "MinuteDockrMac" */;
			compatibilityVersion = "Xcode 3.2";
			developmentRegion = English;
			hasScannedForEncodings = 0;
			knownRegions = (
				en,
				Base,
			);
			mainGroup = 43FF92D819EA18F200435D05;
			productRefGroup = 43FF92E219EA18F200435D05 /* Products */;
			projectDirPath = "";
			projectRoot = "";
			targets = (
				43FF92E019EA18F200435D05 /* MinuteDockrMac */,
				43FF92F319EA18F200435D05 /* MinuteDockrMacTests */,
			);
		};
/* End PBXProject section */

/* Begin PBXResourcesBuildPhase section */
		43FF92DF19EA18F200435D05 /* Resources */ = {
			isa = PBXResourcesBuildPhase;
			buildActionMask = 2147483647;
			files = (
				43FF92EC19EA18F200435D05 /* Images.xcassets in Resources */,
				432AA0BA19FA0D48004813D5 /* LoginWindow.xib in Resources */,
				432AE3A119F624D500F2EB36 /* ActiveSupportInflector.plist in Resources */,
				43FF92EF19EA18F200435D05 /* MainMenu.xib in Resources */,
				43D8155319ECEE2F00612786 /* PopoverView.xib in Resources */,
			);
			runOnlyForDeploymentPostprocessing = 0;
		};
		43FF92F219EA18F200435D05 /* Resources */ = {
			isa = PBXResourcesBuildPhase;
			buildActionMask = 2147483647;
			files = (
			);
			runOnlyForDeploymentPostprocessing = 0;
		};
/* End PBXResourcesBuildPhase section */

/* Begin PBXSourcesBuildPhase section */
		43FF92DD19EA18F200435D05 /* Sources */ = {
			isa = PBXSourcesBuildPhase;
			buildActionMask = 2147483647;
			files = (
				432AE3AE19F7594000F2EB36 /* StatusItemManager.m in Sources */,
				43D8155619ECF69D00612786 /* PopoverViewController.m in Sources */,
				432AE3B719F83DDB00F2EB36 /* MDContact.m in Sources */,
				43A8A0C319EE0EEF0068CCDB /* PopoverManager.m in Sources */,
				432AE39D19F6070100F2EB36 /* MinuteDockCredentialStorage.m in Sources */,
				43FF92EA19EA18F200435D05 /* main.m in Sources */,
				432AE3BD19F84F6400F2EB36 /* MDProject.m in Sources */,
				432AA0B819FA0D2D004813D5 /* LoginWindowController.m in Sources */,
				432AE39919F5FC8A00F2EB36 /* ActiveSupportInflector.m in Sources */,
				432AE3C019F8B38C00F2EB36 /* NSPopUpButton+Resource.m in Sources */,
				432AE3B119F778EA00F2EB36 /* CurrentEntry.m in Sources */,
				432AE3A419F637B700F2EB36 /* NSNull+Resource.m in Sources */,
				432AE39A19F5FC8A00F2EB36 /* NSString+ActiveSupportInflector.m in Sources */,
				432AE39219F5F82000F2EB36 /* Resource.m in Sources */,
				43FF92E819EA18F200435D05 /* AppDelegate.m in Sources */,
				43A8A0CD19EE2F270068CCDB /* MDEntry.m in Sources */,
			);
			runOnlyForDeploymentPostprocessing = 0;
		};
		43FF92F019EA18F200435D05 /* Sources */ = {
			isa = PBXSourcesBuildPhase;
			buildActionMask = 2147483647;
			files = (
				43FF92FB19EA18F200435D05 /* MinuteDockrMacTests.m in Sources */,
			);
			runOnlyForDeploymentPostprocessing = 0;
		};
/* End PBXSourcesBuildPhase section */

/* Begin PBXTargetDependency section */
		43FF92F619EA18F200435D05 /* PBXTargetDependency */ = {
			isa = PBXTargetDependency;
			target = 43FF92E019EA18F200435D05 /* MinuteDockrMac */;
			targetProxy = 43FF92F519EA18F200435D05 /* PBXContainerItemProxy */;
		};
/* End PBXTargetDependency section */

/* Begin PBXVariantGroup section */
		43FF92ED19EA18F200435D05 /* MainMenu.xib */ = {
			isa = PBXVariantGroup;
			children = (
				43FF92EE19EA18F200435D05 /* Base */,
			);
			name = MainMenu.xib;
			sourceTree = "<group>";
		};
/* End PBXVariantGroup section */

/* Begin XCBuildConfiguration section */
		43FF92FC19EA18F200435D05 /* Debug */ = {
			isa = XCBuildConfiguration;
			buildSettings = {
				ALWAYS_SEARCH_USER_PATHS = NO;
				CLANG_CXX_LANGUAGE_STANDARD = "gnu++0x";
				CLANG_CXX_LIBRARY = "libc++";
				CLANG_ENABLE_MODULES = YES;
				CLANG_ENABLE_OBJC_ARC = YES;
				CLANG_WARN_BOOL_CONVERSION = YES;
				CLANG_WARN_CONSTANT_CONVERSION = YES;
				CLANG_WARN_DIRECT_OBJC_ISA_USAGE = YES_ERROR;
				CLANG_WARN_EMPTY_BODY = YES;
				CLANG_WARN_ENUM_CONVERSION = YES;
				CLANG_WARN_INT_CONVERSION = YES;
				CLANG_WARN_OBJC_ROOT_CLASS = YES_ERROR;
				CLANG_WARN_UNREACHABLE_CODE = YES;
				CLANG_WARN__DUPLICATE_METHOD_MATCH = YES;
				CODE_SIGN_IDENTITY = "-";
				COPY_PHASE_STRIP = NO;
				ENABLE_STRICT_OBJC_MSGSEND = YES;
				GCC_C_LANGUAGE_STANDARD = gnu99;
				GCC_DYNAMIC_NO_PIC = NO;
				GCC_OPTIMIZATION_LEVEL = 0;
				GCC_PREPROCESSOR_DEFINITIONS = (
					"DEBUG=1",
					"$(inherited)",
				);
				GCC_SYMBOLS_PRIVATE_EXTERN = NO;
				GCC_WARN_64_TO_32_BIT_CONVERSION = YES;
				GCC_WARN_ABOUT_RETURN_TYPE = YES_ERROR;
				GCC_WARN_UNDECLARED_SELECTOR = YES;
				GCC_WARN_UNINITIALIZED_AUTOS = YES_AGGRESSIVE;
				GCC_WARN_UNUSED_FUNCTION = YES;
				GCC_WARN_UNUSED_VARIABLE = YES;
				MACOSX_DEPLOYMENT_TARGET = 10.10;
				MTL_ENABLE_DEBUG_INFO = YES;
				ONLY_ACTIVE_ARCH = YES;
				SDKROOT = macosx;
			};
			name = Debug;
		};
		43FF92FD19EA18F200435D05 /* Release */ = {
			isa = XCBuildConfiguration;
			buildSettings = {
				ALWAYS_SEARCH_USER_PATHS = NO;
				CLANG_CXX_LANGUAGE_STANDARD = "gnu++0x";
				CLANG_CXX_LIBRARY = "libc++";
				CLANG_ENABLE_MODULES = YES;
				CLANG_ENABLE_OBJC_ARC = YES;
				CLANG_WARN_BOOL_CONVERSION = YES;
				CLANG_WARN_CONSTANT_CONVERSION = YES;
				CLANG_WARN_DIRECT_OBJC_ISA_USAGE = YES_ERROR;
				CLANG_WARN_EMPTY_BODY = YES;
				CLANG_WARN_ENUM_CONVERSION = YES;
				CLANG_WARN_INT_CONVERSION = YES;
				CLANG_WARN_OBJC_ROOT_CLASS = YES_ERROR;
				CLANG_WARN_UNREACHABLE_CODE = YES;
				CLANG_WARN__DUPLICATE_METHOD_MATCH = YES;
				CODE_SIGN_IDENTITY = "-";
				COPY_PHASE_STRIP = YES;
				DEBUG_INFORMATION_FORMAT = "dwarf-with-dsym";
				ENABLE_NS_ASSERTIONS = NO;
				ENABLE_STRICT_OBJC_MSGSEND = YES;
				GCC_C_LANGUAGE_STANDARD = gnu99;
				GCC_WARN_64_TO_32_BIT_CONVERSION = YES;
				GCC_WARN_ABOUT_RETURN_TYPE = YES_ERROR;
				GCC_WARN_UNDECLARED_SELECTOR = YES;
				GCC_WARN_UNINITIALIZED_AUTOS = YES_AGGRESSIVE;
				GCC_WARN_UNUSED_FUNCTION = YES;
				GCC_WARN_UNUSED_VARIABLE = YES;
				MACOSX_DEPLOYMENT_TARGET = 10.10;
				MTL_ENABLE_DEBUG_INFO = NO;
				SDKROOT = macosx;
			};
			name = Release;
		};
		43FF92FF19EA18F200435D05 /* Debug */ = {
			isa = XCBuildConfiguration;
			buildSettings = {
				ASSETCATALOG_COMPILER_APPICON_NAME = AppIcon;
				COMBINE_HIDPI_IMAGES = YES;
				INFOPLIST_FILE = MinuteDockrMac/Info.plist;
				LD_RUNPATH_SEARCH_PATHS = "$(inherited) @executable_path/../Frameworks";
				PRODUCT_NAME = "$(TARGET_NAME)";
			};
			name = Debug;
		};
		43FF930019EA18F200435D05 /* Release */ = {
			isa = XCBuildConfiguration;
			buildSettings = {
				ASSETCATALOG_COMPILER_APPICON_NAME = AppIcon;
				COMBINE_HIDPI_IMAGES = YES;
				INFOPLIST_FILE = MinuteDockrMac/Info.plist;
				LD_RUNPATH_SEARCH_PATHS = "$(inherited) @executable_path/../Frameworks";
				PRODUCT_NAME = "$(TARGET_NAME)";
			};
			name = Release;
		};
		43FF930219EA18F200435D05 /* Debug */ = {
			isa = XCBuildConfiguration;
			buildSettings = {
				BUNDLE_LOADER = "$(TEST_HOST)";
				COMBINE_HIDPI_IMAGES = YES;
				FRAMEWORK_SEARCH_PATHS = (
					"$(DEVELOPER_FRAMEWORKS_DIR)",
					"$(inherited)",
				);
				GCC_PREPROCESSOR_DEFINITIONS = (
					"DEBUG=1",
					"$(inherited)",
				);
				INFOPLIST_FILE = MinuteDockrMacTests/Info.plist;
				LD_RUNPATH_SEARCH_PATHS = "$(inherited) @executable_path/../Frameworks @loader_path/../Frameworks";
				PRODUCT_NAME = "$(TARGET_NAME)";
				TEST_HOST = "$(BUILT_PRODUCTS_DIR)/MinuteDockrMac.app/Contents/MacOS/MinuteDockrMac";
			};
			name = Debug;
		};
		43FF930319EA18F200435D05 /* Release */ = {
			isa = XCBuildConfiguration;
			buildSettings = {
				BUNDLE_LOADER = "$(TEST_HOST)";
				COMBINE_HIDPI_IMAGES = YES;
				FRAMEWORK_SEARCH_PATHS = (
					"$(DEVELOPER_FRAMEWORKS_DIR)",
					"$(inherited)",
				);
				INFOPLIST_FILE = MinuteDockrMacTests/Info.plist;
				LD_RUNPATH_SEARCH_PATHS = "$(inherited) @executable_path/../Frameworks @loader_path/../Frameworks";
				PRODUCT_NAME = "$(TARGET_NAME)";
				TEST_HOST = "$(BUILT_PRODUCTS_DIR)/MinuteDockrMac.app/Contents/MacOS/MinuteDockrMac";
			};
			name = Release;
		};
/* End XCBuildConfiguration section */

/* Begin XCConfigurationList section */
		43FF92DC19EA18F200435D05 /* Build configuration list for PBXProject "MinuteDockrMac" */ = {
			isa = XCConfigurationList;
			buildConfigurations = (
				43FF92FC19EA18F200435D05 /* Debug */,
				43FF92FD19EA18F200435D05 /* Release */,
			);
			defaultConfigurationIsVisible = 0;
			defaultConfigurationName = Release;
		};
		43FF92FE19EA18F200435D05 /* Build configuration list for PBXNativeTarget "MinuteDockrMac" */ = {
			isa = XCConfigurationList;
			buildConfigurations = (
				43FF92FF19EA18F200435D05 /* Debug */,
				43FF930019EA18F200435D05 /* Release */,
			);
			defaultConfigurationIsVisible = 0;
			defaultConfigurationName = Release;
		};
		43FF930119EA18F200435D05 /* Build configuration list for PBXNativeTarget "MinuteDockrMacTests" */ = {
			isa = XCConfigurationList;
			buildConfigurations = (
				43FF930219EA18F200435D05 /* Debug */,
				43FF930319EA18F200435D05 /* Release */,
			);
			defaultConfigurationIsVisible = 0;
			defaultConfigurationName = Release;
		};
/* End XCConfigurationList section */
	};
	rootObject = 43FF92D919EA18F200435D05 /* Project object */;
}
